
Microsoft Visual Studio Solution File, Format Version 12.00
# Visual Studio 15
VisualStudioVersion = 15.0.26403.7
MinimumVisualStudioVersion = 10.0.40219.1
Project("{FAE04EC0-301F-11D3-BF4B-00C04F79EFBC}") = "Empleados", "Empleados\Empleados.csproj", "{A0D12BFF-9064-4CAD-9879-9A102625A703}"
EndProject
Project("{2150E333-8FDC-42A3-9474-1A3956D46DE8}") = "BD", "BD", "{E9AFE6C6-62A6-4A8B-A07F-E28914CF416A}"
	ProjectSection(SolutionItems) = preProject
		..\..\Empleados_BD_SQLite.s3db = ..\..\Empleados_BD_SQLite.s3db
	EndProjectSection
EndProject
Global
	GlobalSection(SolutionConfigurationPlatforms) = preSolution
		Debug|Any CPU = Debug|Any CPU
		Release|Any CPU = Release|Any CPU
	EndGlobalSection
	GlobalSection(ProjectConfigurationPlatforms) = postSolution
		{A0D12BFF-9064-4CAD-9879-9A102625A703}.Debug|Any CPU.ActiveCfg = Debug|Any CPU
		{A0D12BFF-9064-4CAD-9879-9A102625A703}.Debug|Any CPU.Build.0 = Debug|Any CPU
		{A0D12BFF-9064-4CAD-9879-9A102625A703}.Release|Any CPU.ActiveCfg = Release|Any CPU
		{A0D12BFF-9064-4CAD-9879-9A102625A703}.Release|Any CPU.Build.0 = Release|Any CPU
	EndGlobalSection
	GlobalSection(SolutionProperties) = preSolution
		HideSolutionNode = FALSE
	EndGlobalSection
EndGlobal
